<?xml version="1.0" encoding="utf-8"?>
<Project ToolsVersion="4.0" xmlns="http://schemas.microsoft.com/developer/msbuild/2003">
  <ItemGroup>
    <Filter Include="Source Files">
      <UniqueIdentifier>{4FC737F1-C7A5-4376-A066-2A32D752A2FF}</UniqueIdentifier>
      <Extensions>cpp;c;cc;cxx;c++;def;odl;idl;hpj;bat;asm;asmx</Extensions>
    </Filter>
    <Filter Include="Header Files">
      <UniqueIdentifier>{93995380-89BD-4b04-88EB-625FBE52EBFB}</UniqueIdentifier>
      <Extensions>h;hh;hpp;hxx;h++;hm;inl;inc;ipp;xsd</Extensions>
    </Filter>
    <Filter Include="Shaders">
      <UniqueIdentifier>{001bedfe-84ff-4c30-8d6a-429eeef32e43}</UniqueIdentifier>
    </Filter>
    <Filter Include="Shaders\Lecture3">
      <UniqueIdentifier>{536a96e7-d407-440a-a2d4-e0f6e562aef3}</UniqueIdentifier>
    </Filter>
    <Filter Include="Header Files\Wrapper">
      <UniqueIdentifier>{ba347936-f75a-4e6d-b356-561b26e120b2}</UniqueIdentifier>
    </Filter>
  </ItemGroup>
  <ItemGroup>
    <None Include="packages.config" />
  </ItemGroup>
  <ItemGroup>
    <ClCompile Include="Main.cpp">
      <Filter>Source Files</Filter>
    </ClCompile>
  </ItemGroup>
  <ItemGroup>
    <ClInclude Include="Source\Camera.hpp">
      <Filter>Header Files</Filter>
    </ClInclude>
    <ClInclude Include="Source\Input.hpp">
      <Filter>Header Files</Filter>
    </ClInclude>
    <ClInclude Include="Source\Window.hpp">
      <Filter>Header Files</Filter>
    </ClInclude>
    <ClInclude Include="Source\Application.hpp">
      <Filter>Header Files</Filter>
    </ClInclude>
    <ClInclude Include="Source\Wrapper\Texture.hpp">
      <Filter>Header Files\Wrapper</Filter>
    </ClInclude>
    <ClInclude Include="Source\Wrapper\Shader.hpp">
      <Filter>Header Files\Wrapper</Filter>
    </ClInclude>
    <ClInclude Include="Swapchain.hpp">
      <Filter>Header Files\Wrapper</Filter>
    </ClInclude>
    <ClInclude Include="Context.hpp">
      <Filter>Header Files\Wrapper</Filter>
    </ClInclude>
    <ClInclude Include="Source\Wrapper\ConstantBuffer.hpp">
      <Filter>Header Files\Wrapper</Filter>
    </ClInclude>
    <ClInclude Include="Source\Wrapper\VertexBuffer.hpp">
      <Filter>Header Files\Wrapper</Filter>
    </ClInclude>
    <ClInclude Include="Source\Math.hpp">
      <Filter>Header Files</Filter>
    </ClInclude>
  </ItemGroup>
  <ItemGroup>
    <FxCompile Include="Shaders\Lecture3\Lecture03.fx">
      <Filter>Shaders\Lecture3</Filter>
    </FxCompile>
    <FxCompile Include="Shaders\Lecture3\Lecture03_PS.hlsl">
      <Filter>Shaders\Lecture3</Filter>
    </FxCompile>
    <FxCompile Include="Shaders\Lecture3\Lecture03_VS.hlsl">
      <Filter>Shaders\Lecture3</Filter>
    </FxCompile>
  </ItemGroup>
</Project>